
Microsoft Visual Studio Solution File, Format Version 12.00
# Visual Studio Version 17
VisualStudioVersion = 17.10.34928.147
MinimumVisualStudioVersion = 10.0.40219.1
Project("{FAE04EC0-301F-11D3-BF4B-00C04F79EFBC}") = "AndreVehicles", "AndreVehicles\AndreVehicles.csproj", "{523BB6B6-6B53-4F41-B253-893EA438A1B5}"
EndProject
Project("{FAE04EC0-301F-11D3-BF4B-00C04F79EFBC}") = "Model", "Model\Model.csproj", "{F16F2E04-8595-4E0A-BCF8-3441F795A31A}"
EndProject
Project("{FAE04EC0-301F-11D3-BF4B-00C04F79EFBC}") = "Service", "Service\Service.csproj", "{58ED88D1-8652-4B70-92E9-0202D37CC11F}"
EndProject
Project("{FAE04EC0-301F-11D3-BF4B-00C04F79EFBC}") = "ApiCarProject", "ApiCarProject\ApiCarProject.csproj", "{07555380-752C-4FC7-A3EF-723E2116B9A3}"
EndProject
Global
	GlobalSection(SolutionConfigurationPlatforms) = preSolution
		Debug|Any CPU = Debug|Any CPU
		Release|Any CPU = Release|Any CPU
	EndGlobalSection
	GlobalSection(ProjectConfigurationPlatforms) = postSolution
		{523BB6B6-6B53-4F41-B253-893EA438A1B5}.Debug|Any CPU.ActiveCfg = Debug|Any CPU
		{523BB6B6-6B53-4F41-B253-893EA438A1B5}.Debug|Any CPU.Build.0 = Debug|Any CPU
		{523BB6B6-6B53-4F41-B253-893EA438A1B5}.Release|Any CPU.ActiveCfg = Release|Any CPU
		{523BB6B6-6B53-4F41-B253-893EA438A1B5}.Release|Any CPU.Build.0 = Release|Any CPU
		{F16F2E04-8595-4E0A-BCF8-3441F795A31A}.Debug|Any CPU.ActiveCfg = Debug|Any CPU
		{F16F2E04-8595-4E0A-BCF8-3441F795A31A}.Debug|Any CPU.Build.0 = Debug|Any CPU
		{F16F2E04-8595-4E0A-BCF8-3441F795A31A}.Release|Any CPU.ActiveCfg = Release|Any CPU
		{F16F2E04-8595-4E0A-BCF8-3441F795A31A}.Release|Any CPU.Build.0 = Release|Any CPU
		{58ED88D1-8652-4B70-92E9-0202D37CC11F}.Debug|Any CPU.ActiveCfg = Debug|Any CPU
		{58ED88D1-8652-4B70-92E9-0202D37CC11F}.Debug|Any CPU.Build.0 = Debug|Any CPU
		{58ED88D1-8652-4B70-92E9-0202D37CC11F}.Release|Any CPU.ActiveCfg = Release|Any CPU
		{58ED88D1-8652-4B70-92E9-0202D37CC11F}.Release|Any CPU.Build.0 = Release|Any CPU
		{07555380-752C-4FC7-A3EF-723E2116B9A3}.Debug|Any CPU.ActiveCfg = Debug|Any CPU
		{07555380-752C-4FC7-A3EF-723E2116B9A3}.Debug|Any CPU.Build.0 = Debug|Any CPU
		{07555380-752C-4FC7-A3EF-723E2116B9A3}.Release|Any CPU.ActiveCfg = Release|Any CPU
		{07555380-752C-4FC7-A3EF-723E2116B9A3}.Release|Any CPU.Build.0 = Release|Any CPU
	EndGlobalSection
	GlobalSection(SolutionProperties) = preSolution
		HideSolutionNode = FALSE
	EndGlobalSection
	GlobalSection(ExtensibilityGlobals) = postSolution
		SolutionGuid = {C0123DB6-3843-45EA-9AB7-42B2B4090C6A}
	EndGlobalSection
EndGlobal
